// !$*UTF8*$!
{
	archiveVersion = 1;
	classes = {
	};
	objectVersion = 50;
	objects = {

/* Begin PBXBuildFile section */
		4E0462B824A4A46D00D59B3D /* AppDelegate.swift in Sources */ = {isa = PBXBuildFile; fileRef = 4E0462B724A4A46D00D59B3D /* AppDelegate.swift */; };
		4E0462BC24A4A46D00D59B3D /* ViewController.swift in Sources */ = {isa = PBXBuildFile; fileRef = 4E0462BB24A4A46D00D59B3D /* ViewController.swift */; };
		4E0462C124A4A47000D59B3D /* Assets.xcassets in Resources */ = {isa = PBXBuildFile; fileRef = 4E0462C024A4A47000D59B3D /* Assets.xcassets */; };
		4E0462C424A4A47000D59B3D /* LaunchScreen.storyboard in Resources */ = {isa = PBXBuildFile; fileRef = 4E0462C224A4A47000D59B3D /* LaunchScreen.storyboard */; };
		4E0462CF24A4A47000D59B3D /* Insert_and_delete__TableViewCellTests.swift in Sources */ = {isa = PBXBuildFile; fileRef = 4E0462CE24A4A47000D59B3D /* Insert_and_delete__TableViewCellTests.swift */; };
		4E0462DA24A4A47000D59B3D /* Insert_and_delete__TableViewCellUITests.swift in Sources */ = {isa = PBXBuildFile; fileRef = 4E0462D924A4A47000D59B3D /* Insert_and_delete__TableViewCellUITests.swift */; };
		4E0462E824A4A55100D59B3D /* ViewController.xib in Resources */ = {isa = PBXBuildFile; fileRef = 4E0462E724A4A55100D59B3D /* ViewController.xib */; };
		4E0462EB24A4A78F00D59B3D /* MyTableViewCell.swift in Sources */ = {isa = PBXBuildFile; fileRef = 4E0462E924A4A78F00D59B3D /* MyTableViewCell.swift */; };
		4E0462EC24A4A78F00D59B3D /* MyTableViewCell.xib in Resources */ = {isa = PBXBuildFile; fileRef = 4E0462EA24A4A78F00D59B3D /* MyTableViewCell.xib */; };
/* End PBXBuildFile section */

/* Begin PBXContainerItemProxy section */
		4E0462CB24A4A47000D59B3D /* PBXContainerItemProxy */ = {
			isa = PBXContainerItemProxy;
			containerPortal = 4E0462AC24A4A46D00D59B3D /* Project object */;
			proxyType = 1;
			remoteGlobalIDString = 4E0462B324A4A46D00D59B3D;
			remoteInfo = "Insert_and_delete_ TableViewCell";
		};
		4E0462D624A4A47000D59B3D /* PBXContainerItemProxy */ = {
			isa = PBXContainerItemProxy;
			containerPortal = 4E0462AC24A4A46D00D59B3D /* Project object */;
			proxyType = 1;
			remoteGlobalIDString = 4E0462B324A4A46D00D59B3D;
			remoteInfo = "Insert_and_delete_ TableViewCell";
		};
/* End PBXContainerItemProxy section */

/* Begin PBXFileReference section */
		4E0462B424A4A46D00D59B3D /* Insert_and_delete_ TableViewCell.app */ = {isa = PBXFileReference; explicitFileType = wrapper.application; includeInIndex = 0; path = "Insert_and_delete_ TableViewCell.app"; sourceTree = BUILT_PRODUCTS_DIR; };
		4E0462B724A4A46D00D59B3D /* AppDelegate.swift */ = {isa = PBXFileReference; lastKnownFileType = sourcecode.swift; path = AppDelegate.swift; sourceTree = "<group>"; };
		4E0462BB24A4A46D00D59B3D /* ViewController.swift */ = {isa = PBXFileReference; lastKnownFileType = sourcecode.swift; path = ViewController.swift; sourceTree = "<group>"; };
		4E0462C024A4A47000D59B3D /* Assets.xcassets */ = {isa = PBXFileReference; lastKnownFileType = folder.assetcatalog; path = Assets.xcassets; sourceTree = "<group>"; };
		4E0462C324A4A47000D59B3D /* Base */ = {isa = PBXFileReference; lastKnownFileType = file.storyboard; name = Base; path = Base.lproj/LaunchScreen.storyboard; sourceTree = "<group>"; };
		4E0462C524A4A47000D59B3D /* Info.plist */ = {isa = PBXFileReference; lastKnownFileType = text.plist.xml; path = Info.plist; sourceTree = "<group>"; };
		4E0462CA24A4A47000D59B3D /* Insert_and_delete_ TableViewCellTests.xctest */ = {isa = PBXFileReference; explicitFileType = wrapper.cfbundle; includeInIndex = 0; path = "Insert_and_delete_ TableViewCellTests.xctest"; sourceTree = BUILT_PRODUCTS_DIR; };
		4E0462CE24A4A47000D59B3D /* Insert_and_delete__TableViewCellTests.swift */ = {isa = PBXFileReference; lastKnownFileType = sourcecode.swift; path = Insert_and_delete__TableViewCellTests.swift; sourceTree = "<group>"; };
		4E0462D024A4A47000D59B3D /* Info.plist */ = {isa = PBXFileReference; lastKnownFileType = text.plist.xml; path = Info.plist; sourceTree = "<group>"; };
		4E0462D524A4A47000D59B3D /* Insert_and_delete_ TableViewCellUITests.xctest */ = {isa = PBXFileReference; explicitFileType = wrapper.cfbundle; includeInIndex = 0; path = "Insert_and_delete_ TableViewCellUITests.xctest"; sourceTree = BUILT_PRODUCTS_DIR; };
		4E0462D924A4A47000D59B3D /* Insert_and_delete__TableViewCellUITests.swift */ = {isa = PBXFileReference; lastKnownFileType = sourcecode.swift; path = Insert_and_delete__TableViewCellUITests.swift; sourceTree = "<group>"; };
		4E0462DB24A4A47000D59B3D /* Info.plist */ = {isa = PBXFileReference; lastKnownFileType = text.plist.xml; path = Info.plist; sourceTree = "<group>"; };
		4E0462E724A4A55100D59B3D /* ViewController.xib */ = {isa = PBXFileReference; lastKnownFileType = file.xib; path = ViewController.xib; sourceTree = "<group>"; };
		4E0462E924A4A78F00D59B3D /* MyTableViewCell.swift */ = {isa = PBXFileReference; lastKnownFileType = sourcecode.swift; path = MyTableViewCell.swift; sourceTree = "<group>"; };
		4E0462EA24A4A78F00D59B3D /* MyTableViewCell.xib */ = {isa = PBXFileReference; lastKnownFileType = file.xib; path = MyTableViewCell.xib; sourceTree = "<group>"; };
/* End PBXFileReference section */

/* Begin PBXFrameworksBuildPhase section */
		4E0462B124A4A46D00D59B3D /* Frameworks */ = {
			isa = PBXFrameworksBuildPhase;
			buildActionMask = 2147483647;
			files = (
			);
			runOnlyForDeploymentPostprocessing = 0;
		};
		4E0462C724A4A47000D59B3D /* Frameworks */ = {
			isa = PBXFrameworksBuildPhase;
			buildActionMask = 2147483647;
			files = (
			);
			runOnlyForDeploymentPostprocessing = 0;
		};
		4E0462D224A4A47000D59B3D /* Frameworks */ = {
			isa = PBXFrameworksBuildPhase;
			buildActionMask = 2147483647;
			files = (
			);
			runOnlyForDeploymentPostprocessing = 0;
		};
/* End PBXFrameworksBuildPhase section */

/* Begin PBXGroup section */
		4E0462AB24A4A46D00D59B3D = {
			isa = PBXGroup;
			children = (
				4E0462B624A4A46D00D59B3D /* Insert_and_delete_ TableViewCell */,
				4E0462CD24A4A47000D59B3D /* Insert_and_delete_ TableViewCellTests */,
				4E0462D824A4A47000D59B3D /* Insert_and_delete_ TableViewCellUITests */,
				4E0462B524A4A46D00D59B3D /* Products */,
			);
			sourceTree = "<group>";
		};
		4E0462B524A4A46D00D59B3D /* Products */ = {
			isa = PBXGroup;
			children = (
				4E0462B424A4A46D00D59B3D /* Insert_and_delete_ TableViewCell.app */,
				4E0462CA24A4A47000D59B3D /* Insert_and_delete_ TableViewCellTests.xctest */,
				4E0462D524A4A47000D59B3D /* Insert_and_delete_ TableViewCellUITests.xctest */,
			);
			name = Products;
			sourceTree = "<group>";
		};
		4E0462B624A4A46D00D59B3D /* Insert_and_delete_ TableViewCell */ = {
			isa = PBXGroup;
			children = (
				4E0462B724A4A46D00D59B3D /* AppDelegate.swift */,
				4E0462BB24A4A46D00D59B3D /* ViewController.swift */,
				4E0462E724A4A55100D59B3D /* ViewController.xib */,
				4E0462C024A4A47000D59B3D /* Assets.xcassets */,
				4E0462C224A4A47000D59B3D /* LaunchScreen.storyboard */,
				4E0462C524A4A47000D59B3D /* Info.plist */,
				4E0462E924A4A78F00D59B3D /* MyTableViewCell.swift */,
				4E0462EA24A4A78F00D59B3D /* MyTableViewCell.xib */,
			);
			path = "Insert_and_delete_ TableViewCell";
			sourceTree = "<group>";
		};
		4E0462CD24A4A47000D59B3D /* Insert_and_delete_ TableViewCellTests */ = {
			isa = PBXGroup;
			children = (
				4E0462CE24A4A47000D59B3D /* Insert_and_delete__TableViewCellTests.swift */,
				4E0462D024A4A47000D59B3D /* Info.plist */,
			);
			path = "Insert_and_delete_ TableViewCellTests";
			sourceTree = "<group>";
		};
		4E0462D824A4A47000D59B3D /* Insert_and_delete_ TableViewCellUITests */ = {
			isa = PBXGroup;
			children = (
				4E0462D924A4A47000D59B3D /* Insert_and_delete__TableViewCellUITests.swift */,
				4E0462DB24A4A47000D59B3D /* Info.plist */,
			);
			path = "Insert_and_delete_ TableViewCellUITests";
			sourceTree = "<group>";
		};
/* End PBXGroup section */

/* Begin PBXNativeTarget section */
		4E0462B324A4A46D00D59B3D /* Insert_and_delete_ TableViewCell */ = {
			isa = PBXNativeTarget;
			buildConfigurationList = 4E0462DE24A4A47000D59B3D /* Build configuration list for PBXNativeTarget "Insert_and_delete_ TableViewCell" */;
			buildPhases = (
				4E0462B024A4A46D00D59B3D /* Sources */,
				4E0462B124A4A46D00D59B3D /* Frameworks */,
				4E0462B224A4A46D00D59B3D /* Resources */,
			);
			buildRules = (
			);
			dependencies = (
			);
			name = "Insert_and_delete_ TableViewCell";
			productName = "Insert_and_delete_ TableViewCell";
			productReference = 4E0462B424A4A46D00D59B3D /* Insert_and_delete_ TableViewCell.app */;
			productType = "com.apple.product-type.application";
		};
		4E0462C924A4A47000D59B3D /* Insert_and_delete_ TableViewCellTests */ = {
			isa = PBXNativeTarget;
			buildConfigurationList = 4E0462E124A4A47000D59B3D /* Build configuration list for PBXNativeTarget "Insert_and_delete_ TableViewCellTests" */;
			buildPhases = (
				4E0462C624A4A47000D59B3D /* Sources */,
				4E0462C724A4A47000D59B3D /* Frameworks */,
				4E0462C824A4A47000D59B3D /* Resources */,
			);
			buildRules = (
			);
			dependencies = (
				4E0462CC24A4A47000D59B3D /* PBXTargetDependency */,
			);
			name = "Insert_and_delete_ TableViewCellTests";
			productName = "Insert_and_delete_ TableViewCellTests";
			productReference = 4E0462CA24A4A47000D59B3D /* Insert_and_delete_ TableViewCellTests.xctest */;
			productType = "com.apple.product-type.bundle.unit-test";
		};
		4E0462D424A4A47000D59B3D /* Insert_and_delete_ TableViewCellUITests */ = {
			isa = PBXNativeTarget;
			buildConfigurationList = 4E0462E424A4A47000D59B3D /* Build configuration list for PBXNativeTarget "Insert_and_delete_ TableViewCellUITests" */;
			buildPhases = (
				4E0462D124A4A47000D59B3D /* Sources */,
				4E0462D224A4A47000D59B3D /* Frameworks */,
				4E0462D324A4A47000D59B3D /* Resources */,
			);
			buildRules = (
			);
			dependencies = (
				4E0462D724A4A47000D59B3D /* PBXTargetDependency */,
			);
			name = "Insert_and_delete_ TableViewCellUITests";
			productName = "Insert_and_delete_ TableViewCellUITests";
			productReference = 4E0462D524A4A47000D59B3D /* Insert_and_delete_ TableViewCellUITests.xctest */;
			productType = "com.apple.product-type.bundle.ui-testing";
		};
/* End PBXNativeTarget section */

/* Begin PBXProject section */
		4E0462AC24A4A46D00D59B3D /* Project object */ = {
			isa = PBXProject;
			attributes = {
				LastSwiftUpdateCheck = 1150;
				LastUpgradeCheck = 1150;
				ORGANIZATIONNAME = Cata;
				TargetAttributes = {
					4E0462B324A4A46D00D59B3D = {
						CreatedOnToolsVersion = 11.5;
					};
					4E0462C924A4A47000D59B3D = {
						CreatedOnToolsVersion = 11.5;
						TestTargetID = 4E0462B324A4A46D00D59B3D;
					};
					4E0462D424A4A47000D59B3D = {
						CreatedOnToolsVersion = 11.5;
						TestTargetID = 4E0462B324A4A46D00D59B3D;
					};
				};
			};
			buildConfigurationList = 4E0462AF24A4A46D00D59B3D /* Build configuration list for PBXProject "Insert_and_delete_ TableViewCell" */;
			compatibilityVersion = "Xcode 9.3";
			developmentRegion = en;
			hasScannedForEncodings = 0;
			knownRegions = (
				en,
				Base,
			);
			mainGroup = 4E0462AB24A4A46D00D59B3D;
			productRefGroup = 4E0462B524A4A46D00D59B3D /* Products */;
			projectDirPath = "";
			projectRoot = "";
			targets = (
				4E0462B324A4A46D00D59B3D /* Insert_and_delete_ TableViewCell */,
				4E0462C924A4A47000D59B3D /* Insert_and_delete_ TableViewCellTests */,
				4E0462D424A4A47000D59B3D /* Insert_and_delete_ TableViewCellUITests */,
			);
		};
/* End PBXProject section */

/* Begin PBXResourcesBuildPhase section */
		4E0462B224A4A46D00D59B3D /* Resources */ = {
			isa = PBXResourcesBuildPhase;
			buildActionMask = 2147483647;
			files = (
				4E0462C424A4A47000D59B3D /* LaunchScreen.storyboard in Resources */,
				4E0462EC24A4A78F00D59B3D /* MyTableViewCell.xib in Resources */,
				4E0462E824A4A55100D59B3D /* ViewController.xib in Resources */,
				4E0462C124A4A47000D59B3D /* Assets.xcassets in Resources */,
			);
			runOnlyForDeploymentPostprocessing = 0;
		};
		4E0462C824A4A47000D59B3D /* Resources */ = {
			isa = PBXResourcesBuildPhase;
			buildActionMask = 2147483647;
			files = (
			);
			runOnlyForDeploymentPostprocessing = 0;
		};
		4E0462D324A4A47000D59B3D /* Resources */ = {
			isa = PBXResourcesBuildPhase;
			buildActionMask = 2147483647;
			files = (
			);
			runOnlyForDeploymentPostprocessing = 0;
		};
/* End PBXResourcesBuildPhase section */

/* Begin PBXSourcesBuildPhase section */
		4E0462B024A4A46D00D59B3D /* Sources */ = {
			isa = PBXSourcesBuildPhase;
			buildActionMask = 2147483647;
			files = (
				4E0462BC24A4A46D00D59B3D /* ViewController.swift in Sources */,
				4E0462B824A4A46D00D59B3D /* AppDelegate.swift in Sources */,
				4E0462EB24A4A78F00D59B3D /* MyTableViewCell.swift in Sources */,
			);
			runOnlyForDeploymentPostprocessing = 0;
		};
		4E0462C624A4A47000D59B3D /* Sources */ = {
			isa = PBXSourcesBuildPhase;
			buildActionMask = 2147483647;
			files = (
				4E0462CF24A4A47000D59B3D /* Insert_and_delete__TableViewCellTests.swift in Sources */,
			);
			runOnlyForDeploymentPostprocessing = 0;
		};
		4E0462D124A4A47000D59B3D /* Sources */ = {
			isa = PBXSourcesBuildPhase;
			buildActionMask = 2147483647;
			files = (
				4E0462DA24A4A47000D59B3D /* Insert_and_delete__TableViewCellUITests.swift in Sources */,
			);
			runOnlyForDeploymentPostprocessing = 0;
		};
/* End PBXSourcesBuildPhase section */

/* Begin PBXTargetDependency section */
		4E0462CC24A4A47000D59B3D /* PBXTargetDependency */ = {
			isa = PBXTargetDependency;
			target = 4E0462B324A4A46D00D59B3D /* Insert_and_delete_ TableViewCell */;
			targetProxy = 4E0462CB24A4A47000D59B3D /* PBXContainerItemProxy */;
		};
		4E0462D724A4A47000D59B3D /* PBXTargetDependency */ = {
			isa = PBXTargetDependency;
			target = 4E0462B324A4A46D00D59B3D /* Insert_and_delete_ TableViewCell */;
			targetProxy = 4E0462D624A4A47000D59B3D /* PBXContainerItemProxy */;
		};
/* End PBXTargetDependency section */

/* Begin PBXVariantGroup section */
		4E0462C224A4A47000D59B3D /* LaunchScreen.storyboard */ = {
			isa = PBXVariantGroup;
			children = (
				4E0462C324A4A47000D59B3D /* Base */,
			);
			name = LaunchScreen.storyboard;
			sourceTree = "<group>";
		};
/* End PBXVariantGroup section */

/* Begin XCBuildConfiguration section */
		4E0462DC24A4A47000D59B3D /* Debug */ = {
			isa = XCBuildConfiguration;
			buildSettings = {
				ALWAYS_SEARCH_USER_PATHS = NO;
				CLANG_ANALYZER_NONNULL = YES;
				CLANG_ANALYZER_NUMBER_OBJECT_CONVERSION = YES_AGGRESSIVE;
				CLANG_CXX_LANGUAGE_STANDARD = "gnu++14";
				CLANG_CXX_LIBRARY = "libc++";
				CLANG_ENABLE_MODULES = YES;
				CLANG_ENABLE_OBJC_ARC = YES;
				CLANG_ENABLE_OBJC_WEAK = YES;
				CLANG_WARN_BLOCK_CAPTURE_AUTORELEASING = YES;
				CLANG_WARN_BOOL_CONVERSION = YES;
				CLANG_WARN_COMMA = YES;
				CLANG_WARN_CONSTANT_CONVERSION = YES;
				CLANG_WARN_DEPRECATED_OBJC_IMPLEMENTATIONS = YES;
				CLANG_WARN_DIRECT_OBJC_ISA_USAGE = YES_ERROR;
				CLANG_WARN_DOCUMENTATION_COMMENTS = YES;
				CLANG_WARN_EMPTY_BODY = YES;
				CLANG_WARN_ENUM_CONVERSION = YES;
				CLANG_WARN_INFINITE_RECURSION = YES;
				CLANG_WARN_INT_CONVERSION = YES;
				CLANG_WARN_NON_LITERAL_NULL_CONVERSION = YES;
				CLANG_WARN_OBJC_IMPLICIT_RETAIN_SELF = YES;
				CLANG_WARN_OBJC_LITERAL_CONVERSION = YES;
				CLANG_WARN_OBJC_ROOT_CLASS = YES_ERROR;
				CLANG_WARN_RANGE_LOOP_ANALYSIS = YES;
				CLANG_WARN_STRICT_PROTOTYPES = YES;
				CLANG_WARN_SUSPICIOUS_MOVE = YES;
				CLANG_WARN_UNGUARDED_AVAILABILITY = YES_AGGRESSIVE;
				CLANG_WARN_UNREACHABLE_CODE = YES;
				CLANG_WARN__DUPLICATE_METHOD_MATCH = YES;
				COPY_PHASE_STRIP = NO;
				DEBUG_INFORMATION_FORMAT = dwarf;
				ENABLE_STRICT_OBJC_MSGSEND = YES;
				ENABLE_TESTABILITY = YES;
				GCC_C_LANGUAGE_STANDARD = gnu11;
				GCC_DYNAMIC_NO_PIC = NO;
				GCC_NO_COMMON_BLOCKS = YES;
				GCC_OPTIMIZATION_LEVEL = 0;
				GCC_PREPROCESSOR_DEFINITIONS = (
					"DEBUG=1",
					"$(inherited)",
				);
				GCC_WARN_64_TO_32_BIT_CONVERSION = YES;
				GCC_WARN_ABOUT_RETURN_TYPE = YES_ERROR;
				GCC_WARN_UNDECLARED_SELECTOR = YES;
				GCC_WARN_UNINITIALIZED_AUTOS = YES_AGGRESSIVE;
				GCC_WARN_UNUSED_FUNCTION = YES;
				GCC_WARN_UNUSED_VARIABLE = YES;
				IPHONEOS_DEPLOYMENT_TARGET = 10.0;
				MTL_ENABLE_DEBUG_INFO = INCLUDE_SOURCE;
				MTL_FAST_MATH = YES;
				ONLY_ACTIVE_ARCH = YES;
				SDKROOT = iphoneos;
				SWIFT_ACTIVE_COMPILATION_CONDITIONS = DEBUG;
				SWIFT_OPTIMIZATION_LEVEL = "-Onone";
			};
			name = Debug;
		};
		4E0462DD24A4A47000D59B3D /* Release */ = {
			isa = XCBuildConfiguration;
			buildSettings = {
				ALWAYS_SEARCH_USER_PATHS = NO;
				CLANG_ANALYZER_NONNULL = YES;
				CLANG_ANALYZER_NUMBER_OBJECT_CONVERSION = YES_AGGRESSIVE;
				CLANG_CXX_LANGUAGE_STANDARD = "gnu++14";
				CLANG_CXX_LIBRARY = "libc++";
				CLANG_ENABLE_MODULES = YES;
				CLANG_ENABLE_OBJC_ARC = YES;
				CLANG_ENABLE_OBJC_WEAK = YES;
				CLANG_WARN_BLOCK_CAPTURE_AUTORELEASING = YES;
				CLANG_WARN_BOOL_CONVERSION = YES;
				CLANG_WARN_COMMA = YES;
				CLANG_WARN_CONSTANT_CONVERSION = YES;
				CLANG_WARN_DEPRECATED_OBJC_IMPLEMENTATIONS = YES;
				CLANG_WARN_DIRECT_OBJC_ISA_USAGE = YES_ERROR;
				CLANG_WARN_DOCUMENTATION_COMMENTS = YES;
				CLANG_WARN_EMPTY_BODY = YES;
				CLANG_WARN_ENUM_CONVERSION = YES;
				CLANG_WARN_INFINITE_RECURSION = YES;
				CLANG_WARN_INT_CONVERSION = YES;
				CLANG_WARN_NON_LITERAL_NULL_CONVERSION = YES;
				CLANG_WARN_OBJC_IMPLICIT_RETAIN_SELF = YES;
				CLANG_WARN_OBJC_LITERAL_CONVERSION = YES;
				CLANG_WARN_OBJC_ROOT_CLASS = YES_ERROR;
				CLANG_WARN_RANGE_LOOP_ANALYSIS = YES;
				CLANG_WARN_STRICT_PROTOTYPES = YES;
				CLANG_WARN_SUSPICIOUS_MOVE = YES;
				CLANG_WARN_UNGUARDED_AVAILABILITY = YES_AGGRESSIVE;
				CLANG_WARN_UNREACHABLE_CODE = YES;
				CLANG_WARN__DUPLICATE_METHOD_MATCH = YES;
				COPY_PHASE_STRIP = NO;
				DEBUG_INFORMATION_FORMAT = "dwarf-with-dsym";
				ENABLE_NS_ASSERTIONS = NO;
				ENABLE_STRICT_OBJC_MSGSEND = YES;
				GCC_C_LANGUAGE_STANDARD = gnu11;
				GCC_NO_COMMON_BLOCKS = YES;
				GCC_WARN_64_TO_32_BIT_CONVERSION = YES;
				GCC_WARN_ABOUT_RETURN_TYPE = YES_ERROR;
				GCC_WARN_UNDECLARED_SELECTOR = YES;
				GCC_WARN_UNINITIALIZED_AUTOS = YES_AGGRESSIVE;
				GCC_WARN_UNUSED_FUNCTION = YES;
				GCC_WARN_UNUSED_VARIABLE = YES;
				IPHONEOS_DEPLOYMENT_TARGET = 10.0;
				MTL_ENABLE_DEBUG_INFO = NO;
				MTL_FAST_MATH = YES;
				SDKROOT = iphoneos;
				SWIFT_COMPILATION_MODE = wholemodule;
				SWIFT_OPTIMIZATION_LEVEL = "-O";
				VALIDATE_PRODUCT = YES;
			};
			name = Release;
		};
		4E0462DF24A4A47000D59B3D /* Debug */ = {
			isa = XCBuildConfiguration;
			buildSettings = {
				ASSETCATALOG_COMPILER_APPICON_NAME = AppIcon;
				CODE_SIGN_STYLE = Automatic;
				INFOPLIST_FILE = "Insert_and_delete_ TableViewCell/Info.plist";
				LD_RUNPATH_SEARCH_PATHS = (
					"$(inherited)",
					"@executable_path/Frameworks",
				);
				PRODUCT_BUNDLE_IDENTIFIER = "canhlg.Insert-and-delete--TableViewCell";
				PRODUCT_NAME = "$(TARGET_NAME)";
				SWIFT_VERSION = 5.0;
				TARGETED_DEVICE_FAMILY = "1,2";
			};
			name = Debug;
		};
		4E0462E024A4A47000D59B3D /* Release */ = {
			isa = XCBuildConfiguration;
			buildSettings = {
				ASSETCATALOG_COMPILER_APPICON_NAME = AppIcon;
				CODE_SIGN_STYLE = Automatic;
				INFOPLIST_FILE = "Insert_and_delete_ TableViewCell/Info.plist";
				LD_RUNPATH_SEARCH_PATHS = (
					"$(inherited)",
					"@executable_path/Frameworks",
				);
				PRODUCT_BUNDLE_IDENTIFIER = "canhlg.Insert-and-delete--TableViewCell";
				PRODUCT_NAME = "$(TARGET_NAME)";
				SWIFT_VERSION = 5.0;
				TARGETED_DEVICE_FAMILY = "1,2";
			};
			name = Release;
		};
		4E0462E224A4A47000D59B3D /* Debug */ = {
			isa = XCBuildConfiguration;
			buildSettings = {
				ALWAYS_EMBED_SWIFT_STANDARD_LIBRARIES = YES;
				BUNDLE_LOADER = "$(TEST_HOST)";
				CODE_SIGN_STYLE = Automatic;
				INFOPLIST_FILE = "Insert_and_delete_ TableViewCellTests/Info.plist";
				IPHONEOS_DEPLOYMENT_TARGET = 13.5;
				LD_RUNPATH_SEARCH_PATHS = (
					"$(inherited)",
					"@executable_path/Frameworks",
					"@loader_path/Frameworks",
				);
				PRODUCT_BUNDLE_IDENTIFIER = "canhlg.Insert-and-delete--TableViewCellTests";
				PRODUCT_NAME = "$(TARGET_NAME)";
				SWIFT_VERSION = 5.0;
				TARGETED_DEVICE_FAMILY = "1,2";
				TEST_HOST = "$(BUILT_PRODUCTS_DIR)/Insert_and_delete_ TableViewCell.app/Insert_and_delete_ TableViewCell";
			};
			name = Debug;
		};
		4E0462E324A4A47000D59B3D /* Release */ = {
			isa = XCBuildConfiguration;
			buildSettings = {
				ALWAYS_EMBED_SWIFT_STANDARD_LIBRARIES = YES;
				BUNDLE_LOADER = "$(TEST_HOST)";
				CODE_SIGN_STYLE = Automatic;
				INFOPLIST_FILE = "Insert_and_delete_ TableViewCellTests/Info.plist";
				IPHONEOS_DEPLOYMENT_TARGET = 13.5;
				LD_RUNPATH_SEARCH_PATHS = (
					"$(inherited)",
					"@executable_path/Frameworks",
					"@loader_path/Frameworks",
				);
				PRODUCT_BUNDLE_IDENTIFIER = "canhlg.Insert-and-delete--TableViewCellTests";
				PRODUCT_NAME = "$(TARGET_NAME)";
				SWIFT_VERSION = 5.0;
				TARGETED_DEVICE_FAMILY = "1,2";
				TEST_HOST = "$(BUILT_PRODUCTS_DIR)/Insert_and_delete_ TableViewCell.app/Insert_and_delete_ TableViewCell";
			};
			name = Release;
		};
		4E0462E524A4A47000D59B3D /* Debug */ = {
			isa = XCBuildConfiguration;
			buildSettings = {
				ALWAYS_EMBED_SWIFT_STANDARD_LIBRARIES = YES;
				CODE_SIGN_STYLE = Automatic;
				INFOPLIST_FILE = "Insert_and_delete_ TableViewCellUITests/Info.plist";
				LD_RUNPATH_SEARCH_PATHS = (
					"$(inherited)",
					"@executable_path/Frameworks",
					"@loader_path/Frameworks",
				);
				PRODUCT_BUNDLE_IDENTIFIER = "canhlg.Insert-and-delete--TableViewCellUITests";
				PRODUCT_NAME = "$(TARGET_NAME)";
				SWIFT_VERSION = 5.0;
				TARGETED_DEVICE_FAMILY = "1,2";
				TEST_TARGET_NAME = "Insert_and_delete_ TableViewCell";
			};
			name = Debug;
		};
		4E0462E624A4A47000D59B3D /* Release */ = {
			isa = XCBuildConfiguration;
			buildSettings = {
				ALWAYS_EMBED_SWIFT_STANDARD_LIBRARIES = YES;
				CODE_SIGN_STYLE = Automatic;
				INFOPLIST_FILE = "Insert_and_delete_ TableViewCellUITests/Info.plist";
				LD_RUNPATH_SEARCH_PATHS = (
					"$(inherited)",
					"@executable_path/Frameworks",
					"@loader_path/Frameworks",
				);
				PRODUCT_BUNDLE_IDENTIFIER = "canhlg.Insert-and-delete--TableViewCellUITests";
				PRODUCT_NAME = "$(TARGET_NAME)";
				SWIFT_VERSION = 5.0;
				TARGETED_DEVICE_FAMILY = "1,2";
				TEST_TARGET_NAME = "Insert_and_delete_ TableViewCell";
			};
			name = Release;
		};
/* End XCBuildConfiguration section */

/* Begin XCConfigurationList section */
		4E0462AF24A4A46D00D59B3D /* Build configuration list for PBXProject "Insert_and_delete_ TableViewCell" */ = {
			isa = XCConfigurationList;
			buildConfigurations = (
				4E0462DC24A4A47000D59B3D /* Debug */,
				4E0462DD24A4A47000D59B3D /* Release */,
			);
			defaultConfigurationIsVisible = 0;
			defaultConfigurationName = Release;
		};
		4E0462DE24A4A47000D59B3D /* Build configuration list for PBXNativeTarget "Insert_and_delete_ TableViewCell" */ = {
			isa = XCConfigurationList;
			buildConfigurations = (
				4E0462DF24A4A47000D59B3D /* Debug */,
				4E0462E024A4A47000D59B3D /* Release */,
			);
			defaultConfigurationIsVisible = 0;
			defaultConfigurationName = Release;
		};
		4E0462E124A4A47000D59B3D /* Build configuration list for PBXNativeTarget "Insert_and_delete_ TableViewCellTests" */ = {
			isa = XCConfigurationList;
			buildConfigurations = (
				4E0462E224A4A47000D59B3D /* Debug */,
				4E0462E324A4A47000D59B3D /* Release */,
			);
			defaultConfigurationIsVisible = 0;
			defaultConfigurationName = Release;
		};
		4E0462E424A4A47000D59B3D /* Build configuration list for PBXNativeTarget "Insert_and_delete_ TableViewCellUITests" */ = {
			isa = XCConfigurationList;
			buildConfigurations = (
				4E0462E524A4A47000D59B3D /* Debug */,
				4E0462E624A4A47000D59B3D /* Release */,
			);
			defaultConfigurationIsVisible = 0;
			defaultConfigurationName = Release;
		};
/* End XCConfigurationList section */
	};
	rootObject = 4E0462AC24A4A46D00D59B3D /* Project object */;
}
